
Microsoft Visual Studio Solution File, Format Version 12.00
# Visual Studio Version 17
VisualStudioVersion = 17.0.32112.339
MinimumVisualStudioVersion = 10.0.40219.1
Project("{2150E333-8FDC-42A3-9474-1A3956D46DE8}") = "01-OOP", "01-OOP", "{527B8189-D151-4BF3-B95B-6BE418AECA4E}"
EndProject
Project("{9A19103F-16F7-4668-BE54-9A1E7A4F7556}") = "OOPConsoleApp", "src\OOP\OOPConsoleApp\OOPConsoleApp.csproj", "{229440B3-F041-4225-B7D9-40416D9017AE}"
EndProject
Project("{9A19103F-16F7-4668-BE54-9A1E7A4F7556}") = "Jalasoft.Entities", "src\OOP\Jalasoft.Entities\Jalasoft.Entities.csproj", "{0AA3FA0E-45B2-41B7-A51E-95AB981D9E6A}"
EndProject
Project("{2150E333-8FDC-42A3-9474-1A3956D46DE8}") = "02-OOP", "02-OOP", "{1BCC773A-7520-4D96-BD75-555EE9EC7F74}"
EndProject
Project("{9A19103F-16F7-4668-BE54-9A1E7A4F7556}") = "OOPConsoleApp", "src\02-OOP\OOPConsoleApp\OOPConsoleApp.csproj", "{72A64C6E-C655-4D8D-A5DA-B41038B61CA3}"
EndProject
Project("{2150E333-8FDC-42A3-9474-1A3956D46DE8}") = "03-OOP", "03-OOP", "{4969AF67-E0E0-498A-83DC-74F2EB50EC15}"
EndProject
Project("{9A19103F-16F7-4668-BE54-9A1E7A4F7556}") = "OOPConsoleApp", "src\03-OOP\OOPConsoleApp\OOPConsoleApp.csproj", "{7964A22F-FF78-4190-B3CB-FC047F6B3D03}"
EndProject
Project("{2150E333-8FDC-42A3-9474-1A3956D46DE8}") = "04-OOP", "04-OOP", "{6F5561B7-ACD1-4699-8867-38F640CF2976}"
EndProject
Project("{9A19103F-16F7-4668-BE54-9A1E7A4F7556}") = "OOPConsoleApp", "src\04-OOP\OOPConsoleApp\OOPConsoleApp.csproj", "{E6ABDEAA-574B-45E1-A685-95ED790FCB28}"
EndProject
Project("{2150E333-8FDC-42A3-9474-1A3956D46DE8}") = "05-OOP", "05-OOP", "{B1EEB92D-A7A4-440F-8BDD-8526687A3378}"
EndProject
Project("{9A19103F-16F7-4668-BE54-9A1E7A4F7556}") = "OOPConsoleApp", "src\05-OOP\OOPConsoleApp\OOPConsoleApp.csproj", "{9D021707-31F7-4FD9-B963-D1C1D7D50117}"
EndProject
Project("{2150E333-8FDC-42A3-9474-1A3956D46DE8}") = "06-Collections", "06-Collections", "{26B083D9-89B4-4B87-AF05-6ED02FD00353}"
EndProject
Project("{9A19103F-16F7-4668-BE54-9A1E7A4F7556}") = "CollectionsConsoleApp", "src\06-Collections\CollectionsConsoleApp\CollectionsConsoleApp.csproj", "{DDADAD06-72C2-4CC5-B1EB-14425B4BA0E3}"
EndProject
Project("{2150E333-8FDC-42A3-9474-1A3956D46DE8}") = "07-Generics", "07-Generics", "{3DBFDD2B-11B4-4CD0-B34E-65E8D71EE0CE}"
EndProject
Project("{9A19103F-16F7-4668-BE54-9A1E7A4F7556}") = "GenericsConsoleApp", "src\07-Generics\GenericsConsoleApp\GenericsConsoleApp.csproj", "{64134BA8-6FF8-4F22-A9EB-EF9BCDB84F2D}"
EndProject
Project("{2150E333-8FDC-42A3-9474-1A3956D46DE8}") = "08-Generics-Interfaces", "08-Generics-Interfaces", "{20C15103-F64B-4590-A70A-55AD91A2AA56}"
EndProject
Project("{9A19103F-16F7-4668-BE54-9A1E7A4F7556}") = "GenericInterfacesConsoleApp", "src\08-Generics-Interfaces\GenericInterfacesConsoleApp\GenericInterfacesConsoleApp.csproj", "{B998E064-5481-4957-A77F-6260F4E16FB4}"
EndProject
Project("{2150E333-8FDC-42A3-9474-1A3956D46DE8}") = "09-Generics-Methods", "09-Generics-Methods", "{AFFB398F-EE81-45C7-8539-1B6557D4471D}"
EndProject
Project("{9A19103F-16F7-4668-BE54-9A1E7A4F7556}") = "GenericMethodsConsoleApp", "src\09-Generics-Methods\GenericMethodsConsoleApp\GenericMethodsConsoleApp.csproj", "{CB8008B3-EFFF-4D5F-9B8B-E5E4A46909DC}"
EndProject
Project("{2150E333-8FDC-42A3-9474-1A3956D46DE8}") = "Resources", "Resources", "{3E52F4E8-8772-4414-A859-FB1387471935}"
	ProjectSection(SolutionItems) = preProject
		resources\documents\Installing-sql-server-express.pdf = resources\documents\Installing-sql-server-express.pdf
	EndProjectSection
EndProject
Project("{2150E333-8FDC-42A3-9474-1A3956D46DE8}") = "10-LINQ", "10-LINQ", "{6F6E2A17-C7F2-499D-84B9-B6CC5318DD2C}"
EndProject
Project("{9A19103F-16F7-4668-BE54-9A1E7A4F7556}") = "LinqWithEFCoreConsoleApp", "src\10-LINQ\LinqWithEFCoreConsoleApp\LinqWithEFCoreConsoleApp.csproj", "{51A130EB-7AAB-4908-BF9D-09DBA89FA289}"
EndProject
Project("{2150E333-8FDC-42A3-9474-1A3956D46DE8}") = "11-Task-Threads", "11-Task-Threads", "{0BE6DA36-3EE0-4607-8707-4C79D402C255}"
EndProject
Project("{9A19103F-16F7-4668-BE54-9A1E7A4F7556}") = "Monitoring", "src\11-Task-Threads\Monitoring\Monitoring.csproj", "{BF09BDC3-9EB3-4F35-98C1-DEC913C92ADA}"
EndProject
Project("{9A19103F-16F7-4668-BE54-9A1E7A4F7556}") = "MonitoringConsoleApp", "src\11-Task-Threads\MonitoringConsoleApp\MonitoringConsoleApp.csproj", "{A35B1FA7-4C4D-40D4-8E71-459F3AD1E0A3}"
EndProject
Project("{9A19103F-16F7-4668-BE54-9A1E7A4F7556}") = "RunningSynchrouslyConsoleApp", "src\11-Task-Threads\RunningSynchrouslyConsoleApp\RunningSynchrouslyConsoleApp.csproj", "{DD59F64C-612A-423E-ADC7-2521B14A4462}"
EndProject
Project("{9A19103F-16F7-4668-BE54-9A1E7A4F7556}") = "BenchmarkConsoleApp", "src\11-Task-Threads\BenchmarkConsoleApp\BenchmarkConsoleApp.csproj", "{BB5C517E-B67A-42C6-A277-C3215BF857E9}"
EndProject
Project("{9A19103F-16F7-4668-BE54-9A1E7A4F7556}") = "TaskWinFormsApp", "src\11-Task-Threads\TaskWinFormsApp\TaskWinFormsApp.csproj", "{579E4500-0248-45A7-B61D-5496AF78742B}"
EndProject
Project("{9A19103F-16F7-4668-BE54-9A1E7A4F7556}") = "TokenCancelationConsoleApp", "src\11-Task-Threads\TokenCancelationConsoleApp\TokenCancelationConsoleApp.csproj", "{C0F87BE5-CDE8-495D-83A4-AEB22C25D907}"
EndProject
Project("{2150E333-8FDC-42A3-9474-1A3956D46DE8}") = "12-Reflection", "12-Reflection", "{C1F00E4A-D221-4052-B84A-CF9FE25D9750}"
EndProject
Project("{9A19103F-16F7-4668-BE54-9A1E7A4F7556}") = "ReflectionConsoleApp", "src\12-Reflection\ReflectionConsoleApp\ReflectionConsoleApp.csproj", "{C1EF572F-7455-4B22-B164-AA4EC8836F68}"
EndProject
Project("{2150E333-8FDC-42A3-9474-1A3956D46DE8}") = "13-Attributes", "13-Attributes", "{DFB8DF02-E948-4DC8-B50E-4AD24A8011A9}"
EndProject
Project("{9A19103F-16F7-4668-BE54-9A1E7A4F7556}") = "AttributesConsoleApp", "src\13-Attributes\AttributesConsoleApp\AttributesConsoleApp.csproj", "{7B90B339-2BE3-47E3-8939-F28519D4CF03}"
EndProject
Project("{FAE04EC0-301F-11D3-BF4B-00C04F79EFBC}") = "AttributesNetFrameworkLibrary", "src\13-Attributes\AttributesNetFrameworkLibrary\AttributesNetFrameworkLibrary.csproj", "{12B5EDD6-554E-4734-9086-CE896218FF8F}"
EndProject
Project("{9A19103F-16F7-4668-BE54-9A1E7A4F7556}") = "AttributesConsoleApp.Tests", "src\13-Attributes\AttributesConsoleApp.Tests\AttributesConsoleApp.Tests.csproj", "{3ABC2D4E-1314-4D4C-B950-27D4B33C18AC}"
EndProject
Project("{2150E333-8FDC-42A3-9474-1A3956D46DE8}") = "14-SOLID", "14-SOLID", "{3E8CB499-5CFC-420B-947D-FB8AD747B9B4}"
EndProject
Project("{9A19103F-16F7-4668-BE54-9A1E7A4F7556}") = "TradeProcessorConsoleApp", "src\14-SOLID\TradeProcessorConsoleApp\TradeProcessorConsoleApp.csproj", "{05AB4889-24F9-44AD-8774-E0FFBDA70F5F}"
EndProject
Project("{9A19103F-16F7-4668-BE54-9A1E7A4F7556}") = "DelegateFuncConsoleApp", "src\14-SOLID\DelegateFuncConsoleApp\DelegateFuncConsoleApp.csproj", "{7CD0A87F-2088-49D5-8563-61A98D0F63A8}"
EndProject
Project("{9A19103F-16F7-4668-BE54-9A1E7A4F7556}") = "TaskWebServicesConsoleApp", "src\11-Task-Threads\TaskWebServicesConsoleApp\TaskWebServicesConsoleApp.csproj", "{7A5994CB-8D74-4C70-9FD2-4F02472CE802}"
EndProject
Project("{2150E333-8FDC-42A3-9474-1A3956D46DE8}") = "Exercise", "Exercise", "{16141274-436F-45C4-9472-A9E9BE36089C}"
EndProject
Project("{2150E333-8FDC-42A3-9474-1A3956D46DE8}") = "16-Architectural-Patterns", "16-Architectural-Patterns", "{CF9AC40D-D430-400B-ADCD-642C1AB040A0}"
EndProject
Project("{9A19103F-16F7-4668-BE54-9A1E7A4F7556}") = "01-Rocco.UI", "src\16-Architectural-Patterns\LayeredArchitecture\Rocco.UI\01-Rocco.UI.csproj", "{50505D61-B6B1-40F1-8D5F-31BE43424C79}"
EndProject
Project("{9A19103F-16F7-4668-BE54-9A1E7A4F7556}") = "02-Rocco.Business", "src\16-Architectural-Patterns\LayeredArchitecture\Rocco.Business\02-Rocco.Business.csproj", "{6DB20503-E26B-459C-9978-0A8BCC5A630E}"
EndProject
Project("{9A19103F-16F7-4668-BE54-9A1E7A4F7556}") = "03-Rocco.DataAccess", "src\16-Architectural-Patterns\LayeredArchitecture\Rocco.DataAccess\03-Rocco.DataAccess.csproj", "{1E365019-6FAE-4A43-8877-03588F51A3E5}"
EndProject
Project("{2150E333-8FDC-42A3-9474-1A3956D46DE8}") = "17-GraphQL", "17-GraphQL", "{A032B67C-20BF-477D-9CE2-CF8AEF243A24}"
EndProject
Project("{9A19103F-16F7-4668-BE54-9A1E7A4F7556}") = "RoccoGraphQL", "src\15-GraphQL\RoccoGraphQL\RoccoGraphQL.csproj", "{D9103D93-5DA9-4608-9DCB-F914C966E911}"
EndProject
Project("{2150E333-8FDC-42A3-9474-1A3956D46DE8}") = "01-UnitTesting", "01-UnitTesting", "{F9DD7C3D-2BCF-4E95-BBE0-F5BF5338073E}"
EndProject
Project("{9A19103F-16F7-4668-BE54-9A1E7A4F7556}") = "Rocco.Logic", "src\tests\Rocco.Logic\Rocco.Logic.csproj", "{7C3B795B-7CCC-496A-9B20-05CC955D4A7F}"
EndProject
Project("{9A19103F-16F7-4668-BE54-9A1E7A4F7556}") = "Rocco.Logic.Tests", "src\tests\Rocco.Logic.Tests\Rocco.Logic.Tests.csproj", "{D738D698-7CE7-40E9-AAE3-EA96BCC4BD74}"
EndProject
Project("{2150E333-8FDC-42A3-9474-1A3956D46DE8}") = "Session-01", "Session-01", "{848DEF9F-E6B6-48C1-9442-124D6D30321C}"
EndProject
Project("{2150E333-8FDC-42A3-9474-1A3956D46DE8}") = "Session-02", "Session-02", "{F3E07817-BA49-43BE-AEF0-1DAD5F92C01E}"
EndProject
Project("{2150E333-8FDC-42A3-9474-1A3956D46DE8}") = "02-Design Patterns", "02-Design Patterns", "{B8DF3579-D184-4AB8-8D00-FDE7F4CB10DF}"
EndProject
Project("{9A19103F-16F7-4668-BE54-9A1E7A4F7556}") = "Singleton", "src\02-Design-Patterns\Singleton\Singleton.csproj", "{F4A698B1-0134-4EC4-8104-2B59747E09E4}"
EndProject
Project("{9A19103F-16F7-4668-BE54-9A1E7A4F7556}") = "MVCWebApplication", "src\16-Architectural-Patterns\MVCWebApplication\MVCWebApplication.csproj", "{1E25C092-C754-42CB-8C73-8CAFD6F72534}"
EndProject
Project("{FAE04EC0-301F-11D3-BF4B-00C04F79EFBC}") = "Adapter", "src\02-Design-Patterns\Adpater\Adapter\Adapter.csproj", "{BC4C81D8-4344-45A4-8B05-43F3A1C71AF7}"
EndProject
Project("{FAE04EC0-301F-11D3-BF4B-00C04F79EFBC}") = "Decorator", "src\02-Design-Patterns\Decorator\Decorator\Decorator.csproj", "{4740D706-9C5D-43E7-A964-7DC32F1981DE}"
EndProject
Global
	GlobalSection(SolutionConfigurationPlatforms) = preSolution
		Debug|Any CPU = Debug|Any CPU
		Release|Any CPU = Release|Any CPU
	EndGlobalSection
	GlobalSection(ProjectConfigurationPlatforms) = postSolution
		{229440B3-F041-4225-B7D9-40416D9017AE}.Debug|Any CPU.ActiveCfg = Debug|Any CPU
		{229440B3-F041-4225-B7D9-40416D9017AE}.Debug|Any CPU.Build.0 = Debug|Any CPU
		{229440B3-F041-4225-B7D9-40416D9017AE}.Release|Any CPU.ActiveCfg = Release|Any CPU
		{229440B3-F041-4225-B7D9-40416D9017AE}.Release|Any CPU.Build.0 = Release|Any CPU
		{0AA3FA0E-45B2-41B7-A51E-95AB981D9E6A}.Debug|Any CPU.ActiveCfg = Debug|Any CPU
		{0AA3FA0E-45B2-41B7-A51E-95AB981D9E6A}.Debug|Any CPU.Build.0 = Debug|Any CPU
		{0AA3FA0E-45B2-41B7-A51E-95AB981D9E6A}.Release|Any CPU.ActiveCfg = Release|Any CPU
		{0AA3FA0E-45B2-41B7-A51E-95AB981D9E6A}.Release|Any CPU.Build.0 = Release|Any CPU
		{72A64C6E-C655-4D8D-A5DA-B41038B61CA3}.Debug|Any CPU.ActiveCfg = Debug|Any CPU
		{72A64C6E-C655-4D8D-A5DA-B41038B61CA3}.Debug|Any CPU.Build.0 = Debug|Any CPU
		{72A64C6E-C655-4D8D-A5DA-B41038B61CA3}.Release|Any CPU.ActiveCfg = Release|Any CPU
		{72A64C6E-C655-4D8D-A5DA-B41038B61CA3}.Release|Any CPU.Build.0 = Release|Any CPU
		{7964A22F-FF78-4190-B3CB-FC047F6B3D03}.Debug|Any CPU.ActiveCfg = Debug|Any CPU
		{7964A22F-FF78-4190-B3CB-FC047F6B3D03}.Debug|Any CPU.Build.0 = Debug|Any CPU
		{7964A22F-FF78-4190-B3CB-FC047F6B3D03}.Release|Any CPU.ActiveCfg = Release|Any CPU
		{7964A22F-FF78-4190-B3CB-FC047F6B3D03}.Release|Any CPU.Build.0 = Release|Any CPU
		{E6ABDEAA-574B-45E1-A685-95ED790FCB28}.Debug|Any CPU.ActiveCfg = Debug|Any CPU
		{E6ABDEAA-574B-45E1-A685-95ED790FCB28}.Debug|Any CPU.Build.0 = Debug|Any CPU
		{E6ABDEAA-574B-45E1-A685-95ED790FCB28}.Release|Any CPU.ActiveCfg = Release|Any CPU
		{E6ABDEAA-574B-45E1-A685-95ED790FCB28}.Release|Any CPU.Build.0 = Release|Any CPU
		{9D021707-31F7-4FD9-B963-D1C1D7D50117}.Debug|Any CPU.ActiveCfg = Debug|Any CPU
		{9D021707-31F7-4FD9-B963-D1C1D7D50117}.Debug|Any CPU.Build.0 = Debug|Any CPU
		{9D021707-31F7-4FD9-B963-D1C1D7D50117}.Release|Any CPU.ActiveCfg = Release|Any CPU
		{9D021707-31F7-4FD9-B963-D1C1D7D50117}.Release|Any CPU.Build.0 = Release|Any CPU
		{DDADAD06-72C2-4CC5-B1EB-14425B4BA0E3}.Debug|Any CPU.ActiveCfg = Debug|Any CPU
		{DDADAD06-72C2-4CC5-B1EB-14425B4BA0E3}.Debug|Any CPU.Build.0 = Debug|Any CPU
		{DDADAD06-72C2-4CC5-B1EB-14425B4BA0E3}.Release|Any CPU.ActiveCfg = Release|Any CPU
		{DDADAD06-72C2-4CC5-B1EB-14425B4BA0E3}.Release|Any CPU.Build.0 = Release|Any CPU
		{64134BA8-6FF8-4F22-A9EB-EF9BCDB84F2D}.Debug|Any CPU.ActiveCfg = Debug|Any CPU
		{64134BA8-6FF8-4F22-A9EB-EF9BCDB84F2D}.Debug|Any CPU.Build.0 = Debug|Any CPU
		{64134BA8-6FF8-4F22-A9EB-EF9BCDB84F2D}.Release|Any CPU.ActiveCfg = Release|Any CPU
		{64134BA8-6FF8-4F22-A9EB-EF9BCDB84F2D}.Release|Any CPU.Build.0 = Release|Any CPU
		{B998E064-5481-4957-A77F-6260F4E16FB4}.Debug|Any CPU.ActiveCfg = Debug|Any CPU
		{B998E064-5481-4957-A77F-6260F4E16FB4}.Debug|Any CPU.Build.0 = Debug|Any CPU
		{B998E064-5481-4957-A77F-6260F4E16FB4}.Release|Any CPU.ActiveCfg = Release|Any CPU
		{B998E064-5481-4957-A77F-6260F4E16FB4}.Release|Any CPU.Build.0 = Release|Any CPU
		{CB8008B3-EFFF-4D5F-9B8B-E5E4A46909DC}.Debug|Any CPU.ActiveCfg = Debug|Any CPU
		{CB8008B3-EFFF-4D5F-9B8B-E5E4A46909DC}.Debug|Any CPU.Build.0 = Debug|Any CPU
		{CB8008B3-EFFF-4D5F-9B8B-E5E4A46909DC}.Release|Any CPU.ActiveCfg = Release|Any CPU
		{CB8008B3-EFFF-4D5F-9B8B-E5E4A46909DC}.Release|Any CPU.Build.0 = Release|Any CPU
		{51A130EB-7AAB-4908-BF9D-09DBA89FA289}.Debug|Any CPU.ActiveCfg = Debug|Any CPU
		{51A130EB-7AAB-4908-BF9D-09DBA89FA289}.Debug|Any CPU.Build.0 = Debug|Any CPU
		{51A130EB-7AAB-4908-BF9D-09DBA89FA289}.Release|Any CPU.ActiveCfg = Release|Any CPU
		{51A130EB-7AAB-4908-BF9D-09DBA89FA289}.Release|Any CPU.Build.0 = Release|Any CPU
		{BF09BDC3-9EB3-4F35-98C1-DEC913C92ADA}.Debug|Any CPU.ActiveCfg = Debug|Any CPU
		{BF09BDC3-9EB3-4F35-98C1-DEC913C92ADA}.Debug|Any CPU.Build.0 = Debug|Any CPU
		{BF09BDC3-9EB3-4F35-98C1-DEC913C92ADA}.Release|Any CPU.ActiveCfg = Release|Any CPU
		{BF09BDC3-9EB3-4F35-98C1-DEC913C92ADA}.Release|Any CPU.Build.0 = Release|Any CPU
		{A35B1FA7-4C4D-40D4-8E71-459F3AD1E0A3}.Debug|Any CPU.ActiveCfg = Debug|Any CPU
		{A35B1FA7-4C4D-40D4-8E71-459F3AD1E0A3}.Debug|Any CPU.Build.0 = Debug|Any CPU
		{A35B1FA7-4C4D-40D4-8E71-459F3AD1E0A3}.Release|Any CPU.ActiveCfg = Release|Any CPU
		{A35B1FA7-4C4D-40D4-8E71-459F3AD1E0A3}.Release|Any CPU.Build.0 = Release|Any CPU
		{DD59F64C-612A-423E-ADC7-2521B14A4462}.Debug|Any CPU.ActiveCfg = Debug|Any CPU
		{DD59F64C-612A-423E-ADC7-2521B14A4462}.Debug|Any CPU.Build.0 = Debug|Any CPU
		{DD59F64C-612A-423E-ADC7-2521B14A4462}.Release|Any CPU.ActiveCfg = Release|Any CPU
		{DD59F64C-612A-423E-ADC7-2521B14A4462}.Release|Any CPU.Build.0 = Release|Any CPU
		{BB5C517E-B67A-42C6-A277-C3215BF857E9}.Debug|Any CPU.ActiveCfg = Debug|Any CPU
		{BB5C517E-B67A-42C6-A277-C3215BF857E9}.Debug|Any CPU.Build.0 = Debug|Any CPU
		{BB5C517E-B67A-42C6-A277-C3215BF857E9}.Release|Any CPU.ActiveCfg = Release|Any CPU
		{BB5C517E-B67A-42C6-A277-C3215BF857E9}.Release|Any CPU.Build.0 = Release|Any CPU
		{579E4500-0248-45A7-B61D-5496AF78742B}.Debug|Any CPU.ActiveCfg = Debug|Any CPU
		{579E4500-0248-45A7-B61D-5496AF78742B}.Debug|Any CPU.Build.0 = Debug|Any CPU
		{579E4500-0248-45A7-B61D-5496AF78742B}.Release|Any CPU.ActiveCfg = Release|Any CPU
		{579E4500-0248-45A7-B61D-5496AF78742B}.Release|Any CPU.Build.0 = Release|Any CPU
		{C0F87BE5-CDE8-495D-83A4-AEB22C25D907}.Debug|Any CPU.ActiveCfg = Debug|Any CPU
		{C0F87BE5-CDE8-495D-83A4-AEB22C25D907}.Debug|Any CPU.Build.0 = Debug|Any CPU
		{C0F87BE5-CDE8-495D-83A4-AEB22C25D907}.Release|Any CPU.ActiveCfg = Release|Any CPU
		{C0F87BE5-CDE8-495D-83A4-AEB22C25D907}.Release|Any CPU.Build.0 = Release|Any CPU
		{C1EF572F-7455-4B22-B164-AA4EC8836F68}.Debug|Any CPU.ActiveCfg = Debug|Any CPU
		{C1EF572F-7455-4B22-B164-AA4EC8836F68}.Debug|Any CPU.Build.0 = Debug|Any CPU
		{C1EF572F-7455-4B22-B164-AA4EC8836F68}.Release|Any CPU.ActiveCfg = Release|Any CPU
		{C1EF572F-7455-4B22-B164-AA4EC8836F68}.Release|Any CPU.Build.0 = Release|Any CPU
		{7B90B339-2BE3-47E3-8939-F28519D4CF03}.Debug|Any CPU.ActiveCfg = Debug|Any CPU
		{7B90B339-2BE3-47E3-8939-F28519D4CF03}.Debug|Any CPU.Build.0 = Debug|Any CPU
		{7B90B339-2BE3-47E3-8939-F28519D4CF03}.Release|Any CPU.ActiveCfg = Release|Any CPU
		{7B90B339-2BE3-47E3-8939-F28519D4CF03}.Release|Any CPU.Build.0 = Release|Any CPU
		{12B5EDD6-554E-4734-9086-CE896218FF8F}.Debug|Any CPU.ActiveCfg = Debug|Any CPU
		{12B5EDD6-554E-4734-9086-CE896218FF8F}.Debug|Any CPU.Build.0 = Debug|Any CPU
		{12B5EDD6-554E-4734-9086-CE896218FF8F}.Release|Any CPU.ActiveCfg = Release|Any CPU
		{12B5EDD6-554E-4734-9086-CE896218FF8F}.Release|Any CPU.Build.0 = Release|Any CPU
		{3ABC2D4E-1314-4D4C-B950-27D4B33C18AC}.Debug|Any CPU.ActiveCfg = Debug|Any CPU
		{3ABC2D4E-1314-4D4C-B950-27D4B33C18AC}.Debug|Any CPU.Build.0 = Debug|Any CPU
		{3ABC2D4E-1314-4D4C-B950-27D4B33C18AC}.Release|Any CPU.ActiveCfg = Release|Any CPU
		{3ABC2D4E-1314-4D4C-B950-27D4B33C18AC}.Release|Any CPU.Build.0 = Release|Any CPU
		{05AB4889-24F9-44AD-8774-E0FFBDA70F5F}.Debug|Any CPU.ActiveCfg = Debug|Any CPU
		{05AB4889-24F9-44AD-8774-E0FFBDA70F5F}.Debug|Any CPU.Build.0 = Debug|Any CPU
		{05AB4889-24F9-44AD-8774-E0FFBDA70F5F}.Release|Any CPU.ActiveCfg = Release|Any CPU
		{05AB4889-24F9-44AD-8774-E0FFBDA70F5F}.Release|Any CPU.Build.0 = Release|Any CPU
		{7CD0A87F-2088-49D5-8563-61A98D0F63A8}.Debug|Any CPU.ActiveCfg = Debug|Any CPU
		{7CD0A87F-2088-49D5-8563-61A98D0F63A8}.Debug|Any CPU.Build.0 = Debug|Any CPU
		{7CD0A87F-2088-49D5-8563-61A98D0F63A8}.Release|Any CPU.ActiveCfg = Release|Any CPU
		{7CD0A87F-2088-49D5-8563-61A98D0F63A8}.Release|Any CPU.Build.0 = Release|Any CPU
		{7A5994CB-8D74-4C70-9FD2-4F02472CE802}.Debug|Any CPU.ActiveCfg = Debug|Any CPU
		{7A5994CB-8D74-4C70-9FD2-4F02472CE802}.Debug|Any CPU.Build.0 = Debug|Any CPU
		{7A5994CB-8D74-4C70-9FD2-4F02472CE802}.Release|Any CPU.ActiveCfg = Release|Any CPU
		{7A5994CB-8D74-4C70-9FD2-4F02472CE802}.Release|Any CPU.Build.0 = Release|Any CPU
		{50505D61-B6B1-40F1-8D5F-31BE43424C79}.Debug|Any CPU.ActiveCfg = Debug|Any CPU
		{50505D61-B6B1-40F1-8D5F-31BE43424C79}.Debug|Any CPU.Build.0 = Debug|Any CPU
		{50505D61-B6B1-40F1-8D5F-31BE43424C79}.Release|Any CPU.ActiveCfg = Release|Any CPU
		{50505D61-B6B1-40F1-8D5F-31BE43424C79}.Release|Any CPU.Build.0 = Release|Any CPU
		{6DB20503-E26B-459C-9978-0A8BCC5A630E}.Debug|Any CPU.ActiveCfg = Debug|Any CPU
		{6DB20503-E26B-459C-9978-0A8BCC5A630E}.Debug|Any CPU.Build.0 = Debug|Any CPU
		{6DB20503-E26B-459C-9978-0A8BCC5A630E}.Release|Any CPU.ActiveCfg = Release|Any CPU
		{6DB20503-E26B-459C-9978-0A8BCC5A630E}.Release|Any CPU.Build.0 = Release|Any CPU
		{1E365019-6FAE-4A43-8877-03588F51A3E5}.Debug|Any CPU.ActiveCfg = Debug|Any CPU
		{1E365019-6FAE-4A43-8877-03588F51A3E5}.Debug|Any CPU.Build.0 = Debug|Any CPU
		{1E365019-6FAE-4A43-8877-03588F51A3E5}.Release|Any CPU.ActiveCfg = Release|Any CPU
		{1E365019-6FAE-4A43-8877-03588F51A3E5}.Release|Any CPU.Build.0 = Release|Any CPU
		{D9103D93-5DA9-4608-9DCB-F914C966E911}.Debug|Any CPU.ActiveCfg = Debug|Any CPU
		{D9103D93-5DA9-4608-9DCB-F914C966E911}.Debug|Any CPU.Build.0 = Debug|Any CPU
		{D9103D93-5DA9-4608-9DCB-F914C966E911}.Release|Any CPU.ActiveCfg = Release|Any CPU
		{D9103D93-5DA9-4608-9DCB-F914C966E911}.Release|Any CPU.Build.0 = Release|Any CPU
		{7C3B795B-7CCC-496A-9B20-05CC955D4A7F}.Debug|Any CPU.ActiveCfg = Debug|Any CPU
		{7C3B795B-7CCC-496A-9B20-05CC955D4A7F}.Debug|Any CPU.Build.0 = Debug|Any CPU
		{7C3B795B-7CCC-496A-9B20-05CC955D4A7F}.Release|Any CPU.ActiveCfg = Release|Any CPU
		{7C3B795B-7CCC-496A-9B20-05CC955D4A7F}.Release|Any CPU.Build.0 = Release|Any CPU
		{D738D698-7CE7-40E9-AAE3-EA96BCC4BD74}.Debug|Any CPU.ActiveCfg = Debug|Any CPU
		{D738D698-7CE7-40E9-AAE3-EA96BCC4BD74}.Debug|Any CPU.Build.0 = Debug|Any CPU
		{D738D698-7CE7-40E9-AAE3-EA96BCC4BD74}.Release|Any CPU.ActiveCfg = Release|Any CPU
		{D738D698-7CE7-40E9-AAE3-EA96BCC4BD74}.Release|Any CPU.Build.0 = Release|Any CPU
		{F4A698B1-0134-4EC4-8104-2B59747E09E4}.Debug|Any CPU.ActiveCfg = Debug|Any CPU
		{F4A698B1-0134-4EC4-8104-2B59747E09E4}.Debug|Any CPU.Build.0 = Debug|Any CPU
		{F4A698B1-0134-4EC4-8104-2B59747E09E4}.Release|Any CPU.ActiveCfg = Release|Any CPU
		{F4A698B1-0134-4EC4-8104-2B59747E09E4}.Release|Any CPU.Build.0 = Release|Any CPU
		{1E25C092-C754-42CB-8C73-8CAFD6F72534}.Debug|Any CPU.ActiveCfg = Debug|Any CPU
		{1E25C092-C754-42CB-8C73-8CAFD6F72534}.Debug|Any CPU.Build.0 = Debug|Any CPU
		{1E25C092-C754-42CB-8C73-8CAFD6F72534}.Release|Any CPU.ActiveCfg = Release|Any CPU
		{1E25C092-C754-42CB-8C73-8CAFD6F72534}.Release|Any CPU.Build.0 = Release|Any CPU
		{BC4C81D8-4344-45A4-8B05-43F3A1C71AF7}.Debug|Any CPU.ActiveCfg = Debug|Any CPU
		{BC4C81D8-4344-45A4-8B05-43F3A1C71AF7}.Debug|Any CPU.Build.0 = Debug|Any CPU
		{BC4C81D8-4344-45A4-8B05-43F3A1C71AF7}.Release|Any CPU.ActiveCfg = Release|Any CPU
		{BC4C81D8-4344-45A4-8B05-43F3A1C71AF7}.Release|Any CPU.Build.0 = Release|Any CPU
		{4740D706-9C5D-43E7-A964-7DC32F1981DE}.Debug|Any CPU.ActiveCfg = Debug|Any CPU
		{4740D706-9C5D-43E7-A964-7DC32F1981DE}.Debug|Any CPU.Build.0 = Debug|Any CPU
		{4740D706-9C5D-43E7-A964-7DC32F1981DE}.Release|Any CPU.ActiveCfg = Release|Any CPU
		{4740D706-9C5D-43E7-A964-7DC32F1981DE}.Release|Any CPU.Build.0 = Release|Any CPU
	EndGlobalSection
	GlobalSection(SolutionProperties) = preSolution
		HideSolutionNode = FALSE
	EndGlobalSection
	GlobalSection(NestedProjects) = preSolution
		{527B8189-D151-4BF3-B95B-6BE418AECA4E} = {848DEF9F-E6B6-48C1-9442-124D6D30321C}
		{229440B3-F041-4225-B7D9-40416D9017AE} = {527B8189-D151-4BF3-B95B-6BE418AECA4E}
		{0AA3FA0E-45B2-41B7-A51E-95AB981D9E6A} = {527B8189-D151-4BF3-B95B-6BE418AECA4E}
		{1BCC773A-7520-4D96-BD75-555EE9EC7F74} = {848DEF9F-E6B6-48C1-9442-124D6D30321C}
		{72A64C6E-C655-4D8D-A5DA-B41038B61CA3} = {1BCC773A-7520-4D96-BD75-555EE9EC7F74}
		{4969AF67-E0E0-498A-83DC-74F2EB50EC15} = {848DEF9F-E6B6-48C1-9442-124D6D30321C}
		{7964A22F-FF78-4190-B3CB-FC047F6B3D03} = {4969AF67-E0E0-498A-83DC-74F2EB50EC15}
		{6F5561B7-ACD1-4699-8867-38F640CF2976} = {848DEF9F-E6B6-48C1-9442-124D6D30321C}
		{E6ABDEAA-574B-45E1-A685-95ED790FCB28} = {6F5561B7-ACD1-4699-8867-38F640CF2976}
		{B1EEB92D-A7A4-440F-8BDD-8526687A3378} = {848DEF9F-E6B6-48C1-9442-124D6D30321C}
		{9D021707-31F7-4FD9-B963-D1C1D7D50117} = {B1EEB92D-A7A4-440F-8BDD-8526687A3378}
		{26B083D9-89B4-4B87-AF05-6ED02FD00353} = {848DEF9F-E6B6-48C1-9442-124D6D30321C}
		{DDADAD06-72C2-4CC5-B1EB-14425B4BA0E3} = {26B083D9-89B4-4B87-AF05-6ED02FD00353}
		{3DBFDD2B-11B4-4CD0-B34E-65E8D71EE0CE} = {848DEF9F-E6B6-48C1-9442-124D6D30321C}
		{64134BA8-6FF8-4F22-A9EB-EF9BCDB84F2D} = {3DBFDD2B-11B4-4CD0-B34E-65E8D71EE0CE}
		{20C15103-F64B-4590-A70A-55AD91A2AA56} = {848DEF9F-E6B6-48C1-9442-124D6D30321C}
		{B998E064-5481-4957-A77F-6260F4E16FB4} = {20C15103-F64B-4590-A70A-55AD91A2AA56}
		{AFFB398F-EE81-45C7-8539-1B6557D4471D} = {848DEF9F-E6B6-48C1-9442-124D6D30321C}
		{CB8008B3-EFFF-4D5F-9B8B-E5E4A46909DC} = {AFFB398F-EE81-45C7-8539-1B6557D4471D}
		{6F6E2A17-C7F2-499D-84B9-B6CC5318DD2C} = {848DEF9F-E6B6-48C1-9442-124D6D30321C}
		{51A130EB-7AAB-4908-BF9D-09DBA89FA289} = {6F6E2A17-C7F2-499D-84B9-B6CC5318DD2C}
		{0BE6DA36-3EE0-4607-8707-4C79D402C255} = {848DEF9F-E6B6-48C1-9442-124D6D30321C}
		{BF09BDC3-9EB3-4F35-98C1-DEC913C92ADA} = {0BE6DA36-3EE0-4607-8707-4C79D402C255}
		{A35B1FA7-4C4D-40D4-8E71-459F3AD1E0A3} = {0BE6DA36-3EE0-4607-8707-4C79D402C255}
		{DD59F64C-612A-423E-ADC7-2521B14A4462} = {0BE6DA36-3EE0-4607-8707-4C79D402C255}
		{BB5C517E-B67A-42C6-A277-C3215BF857E9} = {0BE6DA36-3EE0-4607-8707-4C79D402C255}
		{579E4500-0248-45A7-B61D-5496AF78742B} = {0BE6DA36-3EE0-4607-8707-4C79D402C255}
		{C0F87BE5-CDE8-495D-83A4-AEB22C25D907} = {0BE6DA36-3EE0-4607-8707-4C79D402C255}
		{C1F00E4A-D221-4052-B84A-CF9FE25D9750} = {848DEF9F-E6B6-48C1-9442-124D6D30321C}
		{C1EF572F-7455-4B22-B164-AA4EC8836F68} = {C1F00E4A-D221-4052-B84A-CF9FE25D9750}
		{DFB8DF02-E948-4DC8-B50E-4AD24A8011A9} = {848DEF9F-E6B6-48C1-9442-124D6D30321C}
		{7B90B339-2BE3-47E3-8939-F28519D4CF03} = {DFB8DF02-E948-4DC8-B50E-4AD24A8011A9}
		{12B5EDD6-554E-4734-9086-CE896218FF8F} = {DFB8DF02-E948-4DC8-B50E-4AD24A8011A9}
		{3ABC2D4E-1314-4D4C-B950-27D4B33C18AC} = {DFB8DF02-E948-4DC8-B50E-4AD24A8011A9}
		{3E8CB499-5CFC-420B-947D-FB8AD747B9B4} = {848DEF9F-E6B6-48C1-9442-124D6D30321C}
		{05AB4889-24F9-44AD-8774-E0FFBDA70F5F} = {3E8CB499-5CFC-420B-947D-FB8AD747B9B4}
		{7CD0A87F-2088-49D5-8563-61A98D0F63A8} = {3E8CB499-5CFC-420B-947D-FB8AD747B9B4}
		{7A5994CB-8D74-4C70-9FD2-4F02472CE802} = {16141274-436F-45C4-9472-A9E9BE36089C}
		{16141274-436F-45C4-9472-A9E9BE36089C} = {0BE6DA36-3EE0-4607-8707-4C79D402C255}
		{CF9AC40D-D430-400B-ADCD-642C1AB040A0} = {F3E07817-BA49-43BE-AEF0-1DAD5F92C01E}
		{50505D61-B6B1-40F1-8D5F-31BE43424C79} = {CF9AC40D-D430-400B-ADCD-642C1AB040A0}
		{6DB20503-E26B-459C-9978-0A8BCC5A630E} = {CF9AC40D-D430-400B-ADCD-642C1AB040A0}
		{1E365019-6FAE-4A43-8877-03588F51A3E5} = {CF9AC40D-D430-400B-ADCD-642C1AB040A0}
		{A032B67C-20BF-477D-9CE2-CF8AEF243A24} = {F3E07817-BA49-43BE-AEF0-1DAD5F92C01E}
		{D9103D93-5DA9-4608-9DCB-F914C966E911} = {A032B67C-20BF-477D-9CE2-CF8AEF243A24}
		{F9DD7C3D-2BCF-4E95-BBE0-F5BF5338073E} = {F3E07817-BA49-43BE-AEF0-1DAD5F92C01E}
		{7C3B795B-7CCC-496A-9B20-05CC955D4A7F} = {F9DD7C3D-2BCF-4E95-BBE0-F5BF5338073E}
		{D738D698-7CE7-40E9-AAE3-EA96BCC4BD74} = {F9DD7C3D-2BCF-4E95-BBE0-F5BF5338073E}
		{B8DF3579-D184-4AB8-8D00-FDE7F4CB10DF} = {F3E07817-BA49-43BE-AEF0-1DAD5F92C01E}
		{F4A698B1-0134-4EC4-8104-2B59747E09E4} = {B8DF3579-D184-4AB8-8D00-FDE7F4CB10DF}
		{1E25C092-C754-42CB-8C73-8CAFD6F72534} = {CF9AC40D-D430-400B-ADCD-642C1AB040A0}
		{BC4C81D8-4344-45A4-8B05-43F3A1C71AF7} = {B8DF3579-D184-4AB8-8D00-FDE7F4CB10DF}
		{4740D706-9C5D-43E7-A964-7DC32F1981DE} = {B8DF3579-D184-4AB8-8D00-FDE7F4CB10DF}
	EndGlobalSection
	GlobalSection(ExtensibilityGlobals) = postSolution
		SolutionGuid = {BCA473A7-81C1-4D8A-AAA3-FDFE62AAA476}
	EndGlobalSection
EndGlobal
